
Microsoft Visual Studio Solution File, Format Version 12.00
# Visual Studio Version 17
VisualStudioVersion = 17.11.35312.102
MinimumVisualStudioVersion = 10.0.40219.1
Project("{FAE04EC0-301F-11D3-BF4B-00C04F79EFBC}") = "Contacts.Server", "Contacts.Server\Contacts.Server.csproj", "{EFCB3445-13B4-4020-9C45-5C1C0621DFC0}"
EndProject
Project("{54A90642-561A-4BB1-A94E-469ADEE60C69}") = "contacts.client", "contacts.client\contacts.client.esproj", "{5922A325-3B3A-4057-8550-BB63B1950977}"
EndProject
Global
	GlobalSection(SolutionConfigurationPlatforms) = preSolution
		Debug|Any CPU = Debug|Any CPU
		Release|Any CPU = Release|Any CPU
	EndGlobalSection
	GlobalSection(ProjectConfigurationPlatforms) = postSolution
		{EFCB3445-13B4-4020-9C45-5C1C0621DFC0}.Debug|Any CPU.ActiveCfg = Debug|Any CPU
		{EFCB3445-13B4-4020-9C45-5C1C0621DFC0}.Debug|Any CPU.Build.0 = Debug|Any CPU
		{EFCB3445-13B4-4020-9C45-5C1C0621DFC0}.Release|Any CPU.ActiveCfg = Release|Any CPU
		{EFCB3445-13B4-4020-9C45-5C1C0621DFC0}.Release|Any CPU.Build.0 = Release|Any CPU
		{5922A325-3B3A-4057-8550-BB63B1950977}.Debug|Any CPU.ActiveCfg = Debug|Any CPU
		{5922A325-3B3A-4057-8550-BB63B1950977}.Debug|Any CPU.Build.0 = Debug|Any CPU
		{5922A325-3B3A-4057-8550-BB63B1950977}.Debug|Any CPU.Deploy.0 = Debug|Any CPU
		{5922A325-3B3A-4057-8550-BB63B1950977}.Release|Any CPU.ActiveCfg = Release|Any CPU
		{5922A325-3B3A-4057-8550-BB63B1950977}.Release|Any CPU.Build.0 = Release|Any CPU
		{5922A325-3B3A-4057-8550-BB63B1950977}.Release|Any CPU.Deploy.0 = Release|Any CPU
	EndGlobalSection
	GlobalSection(SolutionProperties) = preSolution
		HideSolutionNode = FALSE
	EndGlobalSection
	GlobalSection(ExtensibilityGlobals) = postSolution
		SolutionGuid = {B32598E7-3B97-437D-B633-3BE8A774F218}
	EndGlobalSection
EndGlobal
